{
  "name": "openclaw-hub",
  "version": "2026.4.19",
  "lockfileVersion": 3,
  "requires": true,
  "packages": {
    "": {
      "name": "openclaw-hub",
      "version": "2026.4.19",
      "workspaces": [
        "plugins/framework",
        "plugins/fastmail",
        "plugins/homeassistant",
        "plugins/ics-calendar",
        "plugins/llmvision",
        "plugins/outlook-calendar",
        "plugins/outlook-mail",
        "plugins/outlook-work-calendar",
        "plugins/package-tracking",
        "plugins/spotify",
        "plugins/stock-quotes",
        "plugins/usps-mail"
      ]
    },
    "node_modules/@local/openclaw-python-framework": {
      "resolved": "plugins/framework",
      "link": true
    },
    "node_modules/fastmail": {
      "resolved": "plugins/fastmail",
      "link": true
    },
    "node_modules/homeassistant-cli": {
      "resolved": "plugins/homeassistant",
      "link": true
    },
    "node_modules/ics-calendar": {
      "resolved": "plugins/ics-calendar",
      "link": true
    },
    "node_modules/llmvision": {
      "resolved": "plugins/llmvision",
      "link": true
    },
    "node_modules/outlook-calendar": {
      "resolved": "plugins/outlook-calendar",
      "link": true
    },
    "node_modules/outlook-mail": {
      "resolved": "plugins/outlook-mail",
      "link": true
    },
    "node_modules/outlook-work-calendar": {
      "resolved": "plugins/outlook-work-calendar",
      "link": true
    },
    "node_modules/package-tracking": {
      "resolved": "plugins/package-tracking",
      "link": true
    },
    "node_modules/spotify": {
      "resolved": "plugins/spotify",
      "link": true
    },
    "node_modules/stock-quotes": {
      "resolved": "plugins/stock-quotes",
      "link": true
    },
    "node_modules/typescript": {
      "version": "5.9.3",
      "resolved": "https://registry.npmjs.org/typescript/-/typescript-5.9.3.tgz",
      "integrity": "sha512-jl1vZzPDinLr9eUt3J/t7V6FgNEw9QjvBPdysz9KfQDD41fQrC2Y4vKQdiaUpFT4bXlb1RHhLpp8wtm6M5TgSw==",
      "dev": true,
      "license": "Apache-2.0",
      "bin": {
        "tsc": "bin/tsc",
        "tsserver": "bin/tsserver"
      },
      "engines": {
        "node": ">=14.17"
      }
    },
    "node_modules/usps-mail": {
      "resolved": "plugins/usps-mail",
      "link": true
    },
    "plugins/config-backup": {
      "version": "1.0.1",
      "extraneous": true,
      "dependencies": {
        "@local/openclaw-python-framework": "file:../framework"
      },
      "devDependencies": {
        "@types/node": "^20",
        "typescript": "^5"
      }
    },
    "plugins/fastmail": {
      "version": "1.0.1",
      "dependencies": {
        "@local/openclaw-python-framework": "file:../framework"
      },
      "devDependencies": {
        "@types/node": "^25.6.0",
        "typescript": "^5"
      }
    },
    "plugins/fastmail/node_modules/@types/node": {
      "version": "25.6.0",
      "resolved": "https://registry.npmjs.org/@types/node/-/node-25.6.0.tgz",
      "integrity": "sha512-+qIYRKdNYJwY3vRCZMdJbPLJAtGjQBudzZzdzwQYkEPQd+PJGixUL5QfvCLDaULoLv+RhT3LDkwEfKaAkgSmNQ==",
      "dev": true,
      "license": "MIT",
      "dependencies": {
        "undici-types": "~7.19.0"
      }
    },
    "plugins/fastmail/node_modules/undici-types": {
      "version": "7.19.2",
      "resolved": "https://registry.npmjs.org/undici-types/-/undici-types-7.19.2.tgz",
      "integrity": "sha512-qYVnV5OEm2AW8cJMCpdV20CDyaN3g0AjDlOGf1OW4iaDEx8MwdtChUp4zu4H0VP3nDRF/8RKWH+IPp9uW0YGZg==",
      "dev": true,
      "license": "MIT"
    },
    "plugins/framework": {
      "name": "@local/openclaw-python-framework",
      "version": "1.0.0",
      "devDependencies": {
        "@types/node": "^25.6.0",
        "typescript": "^5"
      }
    },
    "plugins/framework/node_modules/@types/node": {
      "version": "25.6.0",
      "resolved": "https://registry.npmjs.org/@types/node/-/node-25.6.0.tgz",
      "integrity": "sha512-+qIYRKdNYJwY3vRCZMdJbPLJAtGjQBudzZzdzwQYkEPQd+PJGixUL5QfvCLDaULoLv+RhT3LDkwEfKaAkgSmNQ==",
      "dev": true,
      "license": "MIT",
      "dependencies": {
        "undici-types": "~7.19.0"
      }
    },
    "plugins/framework/node_modules/undici-types": {
      "version": "7.19.2",
      "resolved": "https://registry.npmjs.org/undici-types/-/undici-types-7.19.2.tgz",
      "integrity": "sha512-qYVnV5OEm2AW8cJMCpdV20CDyaN3g0AjDlOGf1OW4iaDEx8MwdtChUp4zu4H0VP3nDRF/8RKWH+IPp9uW0YGZg==",
      "dev": true,
      "license": "MIT"
    },
    "plugins/github": {
      "version": "1.5.1",
      "extraneous": true,
      "dependencies": {
        "@local/openclaw-python-framework": "file:../framework"
      },
      "devDependencies": {
        "@types/node": "^20",
        "typescript": "^5"
      }
    },
    "plugins/homeassistant": {
      "name": "homeassistant-cli",
      "version": "1.0.1",
      "dependencies": {
        "@local/openclaw-python-framework": "file:../framework"
      },
      "devDependencies": {
        "@types/node": "^25.6.0",
        "typescript": "^5"
      }
    },
    "plugins/homeassistant/node_modules/@types/node": {
      "version": "25.6.0",
      "resolved": "https://registry.npmjs.org/@types/node/-/node-25.6.0.tgz",
      "integrity": "sha512-+qIYRKdNYJwY3vRCZMdJbPLJAtGjQBudzZzdzwQYkEPQd+PJGixUL5QfvCLDaULoLv+RhT3LDkwEfKaAkgSmNQ==",
      "dev": true,
      "license": "MIT",
      "dependencies": {
        "undici-types": "~7.19.0"
      }
    },
    "plugins/homeassistant/node_modules/undici-types": {
      "version": "7.19.2",
      "resolved": "https://registry.npmjs.org/undici-types/-/undici-types-7.19.2.tgz",
      "integrity": "sha512-qYVnV5OEm2AW8cJMCpdV20CDyaN3g0AjDlOGf1OW4iaDEx8MwdtChUp4zu4H0VP3nDRF/8RKWH+IPp9uW0YGZg==",
      "dev": true,
      "license": "MIT"
    },
    "plugins/ics-calendar": {
      "version": "1.0.1",
      "dependencies": {
        "@local/openclaw-python-framework": "file:../framework"
      },
      "devDependencies": {
        "@types/node": "^25.6.0",
        "typescript": "^5"
      }
    },
    "plugins/ics-calendar/node_modules/@types/node": {
      "version": "25.6.0",
      "resolved": "https://registry.npmjs.org/@types/node/-/node-25.6.0.tgz",
      "integrity": "sha512-+qIYRKdNYJwY3vRCZMdJbPLJAtGjQBudzZzdzwQYkEPQd+PJGixUL5QfvCLDaULoLv+RhT3LDkwEfKaAkgSmNQ==",
      "dev": true,
      "license": "MIT",
      "dependencies": {
        "undici-types": "~7.19.0"
      }
    },
    "plugins/ics-calendar/node_modules/undici-types": {
      "version": "7.19.2",
      "resolved": "https://registry.npmjs.org/undici-types/-/undici-types-7.19.2.tgz",
      "integrity": "sha512-qYVnV5OEm2AW8cJMCpdV20CDyaN3g0AjDlOGf1OW4iaDEx8MwdtChUp4zu4H0VP3nDRF/8RKWH+IPp9uW0YGZg==",
      "dev": true,
      "license": "MIT"
    },
    "plugins/llmvision": {
      "version": "1.0.1",
      "dependencies": {
        "@local/openclaw-python-framework": "file:../framework"
      },
      "devDependencies": {
        "@types/node": "^25.6.0",
        "typescript": "^5"
      }
    },
    "plugins/llmvision/node_modules/@types/node": {
      "version": "25.6.0",
      "resolved": "https://registry.npmjs.org/@types/node/-/node-25.6.0.tgz",
      "integrity": "sha512-+qIYRKdNYJwY3vRCZMdJbPLJAtGjQBudzZzdzwQYkEPQd+PJGixUL5QfvCLDaULoLv+RhT3LDkwEfKaAkgSmNQ==",
      "dev": true,
      "license": "MIT",
      "dependencies": {
        "undici-types": "~7.19.0"
      }
    },
    "plugins/llmvision/node_modules/undici-types": {
      "version": "7.19.2",
      "resolved": "https://registry.npmjs.org/undici-types/-/undici-types-7.19.2.tgz",
      "integrity": "sha512-qYVnV5OEm2AW8cJMCpdV20CDyaN3g0AjDlOGf1OW4iaDEx8MwdtChUp4zu4H0VP3nDRF/8RKWH+IPp9uW0YGZg==",
      "dev": true,
      "license": "MIT"
    },
    "plugins/outlook-calendar": {
      "version": "1.0.1",
      "dependencies": {
        "@local/openclaw-python-framework": "file:../framework"
      },
      "devDependencies": {
        "@types/node": "^25.6.0",
        "typescript": "^5"
      }
    },
    "plugins/outlook-calendar/node_modules/@types/node": {
      "version": "25.6.0",
      "resolved": "https://registry.npmjs.org/@types/node/-/node-25.6.0.tgz",
      "integrity": "sha512-+qIYRKdNYJwY3vRCZMdJbPLJAtGjQBudzZzdzwQYkEPQd+PJGixUL5QfvCLDaULoLv+RhT3LDkwEfKaAkgSmNQ==",
      "dev": true,
      "license": "MIT",
      "dependencies": {
        "undici-types": "~7.19.0"
      }
    },
    "plugins/outlook-calendar/node_modules/undici-types": {
      "version": "7.19.2",
      "resolved": "https://registry.npmjs.org/undici-types/-/undici-types-7.19.2.tgz",
      "integrity": "sha512-qYVnV5OEm2AW8cJMCpdV20CDyaN3g0AjDlOGf1OW4iaDEx8MwdtChUp4zu4H0VP3nDRF/8RKWH+IPp9uW0YGZg==",
      "dev": true,
      "license": "MIT"
    },
    "plugins/outlook-mail": {
      "version": "1.0.1",
      "dependencies": {
        "@local/openclaw-python-framework": "file:../framework"
      },
      "devDependencies": {
        "@types/node": "^25.6.0",
        "typescript": "^5"
      }
    },
    "plugins/outlook-mail/node_modules/@types/node": {
      "version": "25.6.0",
      "resolved": "https://registry.npmjs.org/@types/node/-/node-25.6.0.tgz",
      "integrity": "sha512-+qIYRKdNYJwY3vRCZMdJbPLJAtGjQBudzZzdzwQYkEPQd+PJGixUL5QfvCLDaULoLv+RhT3LDkwEfKaAkgSmNQ==",
      "dev": true,
      "license": "MIT",
      "dependencies": {
        "undici-types": "~7.19.0"
      }
    },
    "plugins/outlook-mail/node_modules/undici-types": {
      "version": "7.19.2",
      "resolved": "https://registry.npmjs.org/undici-types/-/undici-types-7.19.2.tgz",
      "integrity": "sha512-qYVnV5OEm2AW8cJMCpdV20CDyaN3g0AjDlOGf1OW4iaDEx8MwdtChUp4zu4H0VP3nDRF/8RKWH+IPp9uW0YGZg==",
      "dev": true,
      "license": "MIT"
    },
    "plugins/outlook-work-calendar": {
      "version": "1.0.1",
      "dependencies": {
        "@local/openclaw-python-framework": "file:../framework"
      },
      "devDependencies": {
        "@types/node": "^25.6.0",
        "typescript": "^5"
      }
    },
    "plugins/outlook-work-calendar/node_modules/@types/node": {
      "version": "25.6.0",
      "resolved": "https://registry.npmjs.org/@types/node/-/node-25.6.0.tgz",
      "integrity": "sha512-+qIYRKdNYJwY3vRCZMdJbPLJAtGjQBudzZzdzwQYkEPQd+PJGixUL5QfvCLDaULoLv+RhT3LDkwEfKaAkgSmNQ==",
      "dev": true,
      "license": "MIT",
      "dependencies": {
        "undici-types": "~7.19.0"
      }
    },
    "plugins/outlook-work-calendar/node_modules/undici-types": {
      "version": "7.19.2",
      "resolved": "https://registry.npmjs.org/undici-types/-/undici-types-7.19.2.tgz",
      "integrity": "sha512-qYVnV5OEm2AW8cJMCpdV20CDyaN3g0AjDlOGf1OW4iaDEx8MwdtChUp4zu4H0VP3nDRF/8RKWH+IPp9uW0YGZg==",
      "dev": true,
      "license": "MIT"
    },
    "plugins/package-tracking": {
      "version": "1.0.1",
      "dependencies": {
        "@local/openclaw-python-framework": "file:../framework"
      },
      "devDependencies": {
        "@types/node": "^25.6.0",
        "typescript": "^5"
      }
    },
    "plugins/package-tracking/node_modules/@types/node": {
      "version": "25.6.0",
      "resolved": "https://registry.npmjs.org/@types/node/-/node-25.6.0.tgz",
      "integrity": "sha512-+qIYRKdNYJwY3vRCZMdJbPLJAtGjQBudzZzdzwQYkEPQd+PJGixUL5QfvCLDaULoLv+RhT3LDkwEfKaAkgSmNQ==",
      "dev": true,
      "license": "MIT",
      "dependencies": {
        "undici-types": "~7.19.0"
      }
    },
    "plugins/package-tracking/node_modules/undici-types": {
      "version": "7.19.2",
      "resolved": "https://registry.npmjs.org/undici-types/-/undici-types-7.19.2.tgz",
      "integrity": "sha512-qYVnV5OEm2AW8cJMCpdV20CDyaN3g0AjDlOGf1OW4iaDEx8MwdtChUp4zu4H0VP3nDRF/8RKWH+IPp9uW0YGZg==",
      "dev": true,
      "license": "MIT"
    },
    "plugins/spotify": {
      "version": "1.0.1",
      "dependencies": {
        "@local/openclaw-python-framework": "file:../framework"
      },
      "devDependencies": {
        "@types/node": "^25.6.0",
        "typescript": "^5"
      }
    },
    "plugins/spotify/node_modules/@types/node": {
      "version": "25.6.0",
      "resolved": "https://registry.npmjs.org/@types/node/-/node-25.6.0.tgz",
      "integrity": "sha512-+qIYRKdNYJwY3vRCZMdJbPLJAtGjQBudzZzdzwQYkEPQd+PJGixUL5QfvCLDaULoLv+RhT3LDkwEfKaAkgSmNQ==",
      "dev": true,
      "license": "MIT",
      "dependencies": {
        "undici-types": "~7.19.0"
      }
    },
    "plugins/spotify/node_modules/undici-types": {
      "version": "7.19.2",
      "resolved": "https://registry.npmjs.org/undici-types/-/undici-types-7.19.2.tgz",
      "integrity": "sha512-qYVnV5OEm2AW8cJMCpdV20CDyaN3g0AjDlOGf1OW4iaDEx8MwdtChUp4zu4H0VP3nDRF/8RKWH+IPp9uW0YGZg==",
      "dev": true,
      "license": "MIT"
    },
    "plugins/stock-quotes": {
      "version": "1.0.1",
      "dependencies": {
        "@local/openclaw-python-framework": "file:../framework"
      },
      "devDependencies": {
        "@types/node": "^25.6.0",
        "typescript": "^5"
      }
    },
    "plugins/stock-quotes/node_modules/@types/node": {
      "version": "25.6.0",
      "resolved": "https://registry.npmjs.org/@types/node/-/node-25.6.0.tgz",
      "integrity": "sha512-+qIYRKdNYJwY3vRCZMdJbPLJAtGjQBudzZzdzwQYkEPQd+PJGixUL5QfvCLDaULoLv+RhT3LDkwEfKaAkgSmNQ==",
      "dev": true,
      "license": "MIT",
      "dependencies": {
        "undici-types": "~7.19.0"
      }
    },
    "plugins/stock-quotes/node_modules/undici-types": {
      "version": "7.19.2",
      "resolved": "https://registry.npmjs.org/undici-types/-/undici-types-7.19.2.tgz",
      "integrity": "sha512-qYVnV5OEm2AW8cJMCpdV20CDyaN3g0AjDlOGf1OW4iaDEx8MwdtChUp4zu4H0VP3nDRF/8RKWH+IPp9uW0YGZg==",
      "dev": true,
      "license": "MIT"
    },
    "plugins/usps-mail": {
      "version": "1.0.1",
      "dependencies": {
        "@local/openclaw-python-framework": "file:../framework"
      },
      "devDependencies": {
        "@types/node": "^25.6.0",
        "typescript": "^5"
      }
    },
    "plugins/usps-mail/node_modules/@types/node": {
      "version": "25.6.0",
      "resolved": "https://registry.npmjs.org/@types/node/-/node-25.6.0.tgz",
      "integrity": "sha512-+qIYRKdNYJwY3vRCZMdJbPLJAtGjQBudzZzdzwQYkEPQd+PJGixUL5QfvCLDaULoLv+RhT3LDkwEfKaAkgSmNQ==",
      "dev": true,
      "license": "MIT",
      "dependencies": {
        "undici-types": "~7.19.0"
      }
    },
    "plugins/usps-mail/node_modules/undici-types": {
      "version": "7.19.2",
      "resolved": "https://registry.npmjs.org/undici-types/-/undici-types-7.19.2.tgz",
      "integrity": "sha512-qYVnV5OEm2AW8cJMCpdV20CDyaN3g0AjDlOGf1OW4iaDEx8MwdtChUp4zu4H0VP3nDRF/8RKWH+IPp9uW0YGZg==",
      "dev": true,
      "license": "MIT"
    }
  }
}
